// !$*UTF8*$!
{
	archiveVersion = 1;
	classes = {
	};
	objectVersion = 50;
	objects = {

/* Begin PBXBuildFile section */
		7F1682CF272176DF00E4A464 /* NumberGuessModel.swift in Sources */ = {isa = PBXBuildFile; fileRef = 7F1682CE272176DF00E4A464 /* NumberGuessModel.swift */; };
		7F255ADF26FC882D00A13648 /* AppDelegate.swift in Sources */ = {isa = PBXBuildFile; fileRef = 7F255ADE26FC882D00A13648 /* AppDelegate.swift */; };
		7F255AE126FC882D00A13648 /* SceneDelegate.swift in Sources */ = {isa = PBXBuildFile; fileRef = 7F255AE026FC882D00A13648 /* SceneDelegate.swift */; };
		7F255AE326FC882D00A13648 /* ViewController.swift in Sources */ = {isa = PBXBuildFile; fileRef = 7F255AE226FC882D00A13648 /* ViewController.swift */; };
		7F255AE626FC882D00A13648 /* Main.storyboard in Resources */ = {isa = PBXBuildFile; fileRef = 7F255AE426FC882D00A13648 /* Main.storyboard */; };
		7F255AE826FC882E00A13648 /* Assets.xcassets in Resources */ = {isa = PBXBuildFile; fileRef = 7F255AE726FC882E00A13648 /* Assets.xcassets */; };
		7F255AEB26FC882E00A13648 /* LaunchScreen.storyboard in Resources */ = {isa = PBXBuildFile; fileRef = 7F255AE926FC882E00A13648 /* LaunchScreen.storyboard */; };
		7F255AF626FC882E00A13648 /* NumberGuessTests.swift in Sources */ = {isa = PBXBuildFile; fileRef = 7F255AF526FC882E00A13648 /* NumberGuessTests.swift */; };
		7F255B0126FC882E00A13648 /* NumberGuessUITests.swift in Sources */ = {isa = PBXBuildFile; fileRef = 7F255B0026FC882E00A13648 /* NumberGuessUITests.swift */; };
		7FC0DE3F276B55010014A875 /* ThreadTableViewController.swift in Sources */ = {isa = PBXBuildFile; fileRef = 7FC0DE3E276B55010014A875 /* ThreadTableViewController.swift */; };
		7FC0DE41276B62530014A875 /* todoBodel.swift in Sources */ = {isa = PBXBuildFile; fileRef = 7FC0DE40276B62530014A875 /* todoBodel.swift */; };
		CE14A0DF270F033900507D26 /* cat-face_1f431.png in Resources */ = {isa = PBXBuildFile; fileRef = CE14A0DE270F033900507D26 /* cat-face_1f431.png */; };
		CE14A0E5270F065B00507D26 /* kissing-cat_1f63d.png in Resources */ = {isa = PBXBuildFile; fileRef = CE14A0E3270F065B00507D26 /* kissing-cat_1f63d.png */; };
		CE14A0E6270F065B00507D26 /* crying-cat_1f63f.png in Resources */ = {isa = PBXBuildFile; fileRef = CE14A0E4270F065B00507D26 /* crying-cat_1f63f.png */; };
		CE14A0EB270F065F00507D26 /* weary-cat_1f640.png in Resources */ = {isa = PBXBuildFile; fileRef = CE14A0EA270F065F00507D26 /* weary-cat_1f640.png */; };
		CEE852162758ECA200B45B66 /* MyTableViewController.swift in Sources */ = {isa = PBXBuildFile; fileRef = CEE852152758ECA200B45B66 /* MyTableViewController.swift */; };
/* End PBXBuildFile section */

/* Begin PBXContainerItemProxy section */
		7F255AF226FC882E00A13648 /* PBXContainerItemProxy */ = {
			isa = PBXContainerItemProxy;
			containerPortal = 7F255AD326FC882D00A13648 /* Project object */;
			proxyType = 1;
			remoteGlobalIDString = 7F255ADA26FC882D00A13648;
			remoteInfo = NumberGuess;
		};
		7F255AFD26FC882E00A13648 /* PBXContainerItemProxy */ = {
			isa = PBXContainerItemProxy;
			containerPortal = 7F255AD326FC882D00A13648 /* Project object */;
			proxyType = 1;
			remoteGlobalIDString = 7F255ADA26FC882D00A13648;
			remoteInfo = NumberGuess;
		};
/* End PBXContainerItemProxy section */

/* Begin PBXFileReference section */
		7F1682CE272176DF00E4A464 /* NumberGuessModel.swift */ = {isa = PBXFileReference; lastKnownFileType = sourcecode.swift; path = NumberGuessModel.swift; sourceTree = "<group>"; };
		7F255ADB26FC882D00A13648 /* NumberGuess.app */ = {isa = PBXFileReference; explicitFileType = wrapper.application; includeInIndex = 0; path = NumberGuess.app; sourceTree = BUILT_PRODUCTS_DIR; };
		7F255ADE26FC882D00A13648 /* AppDelegate.swift */ = {isa = PBXFileReference; lastKnownFileType = sourcecode.swift; path = AppDelegate.swift; sourceTree = "<group>"; };
		7F255AE026FC882D00A13648 /* SceneDelegate.swift */ = {isa = PBXFileReference; lastKnownFileType = sourcecode.swift; path = SceneDelegate.swift; sourceTree = "<group>"; };
		7F255AE226FC882D00A13648 /* ViewController.swift */ = {isa = PBXFileReference; lastKnownFileType = sourcecode.swift; path = ViewController.swift; sourceTree = "<group>"; };
		7F255AE526FC882D00A13648 /* Base */ = {isa = PBXFileReference; lastKnownFileType = file.storyboard; name = Base; path = Base.lproj/Main.storyboard; sourceTree = "<group>"; };
		7F255AE726FC882E00A13648 /* Assets.xcassets */ = {isa = PBXFileReference; lastKnownFileType = folder.assetcatalog; path = Assets.xcassets; sourceTree = "<group>"; };
		7F255AEA26FC882E00A13648 /* Base */ = {isa = PBXFileReference; lastKnownFileType = file.storyboard; name = Base; path = Base.lproj/LaunchScreen.storyboard; sourceTree = "<group>"; };
		7F255AEC26FC882E00A13648 /* Info.plist */ = {isa = PBXFileReference; lastKnownFileType = text.plist.xml; path = Info.plist; sourceTree = "<group>"; };
		7F255AF126FC882E00A13648 /* NumberGuessTests.xctest */ = {isa = PBXFileReference; explicitFileType = wrapper.cfbundle; includeInIndex = 0; path = NumberGuessTests.xctest; sourceTree = BUILT_PRODUCTS_DIR; };
		7F255AF526FC882E00A13648 /* NumberGuessTests.swift */ = {isa = PBXFileReference; lastKnownFileType = sourcecode.swift; path = NumberGuessTests.swift; sourceTree = "<group>"; };
		7F255AF726FC882E00A13648 /* Info.plist */ = {isa = PBXFileReference; lastKnownFileType = text.plist.xml; path = Info.plist; sourceTree = "<group>"; };
		7F255AFC26FC882E00A13648 /* NumberGuessUITests.xctest */ = {isa = PBXFileReference; explicitFileType = wrapper.cfbundle; includeInIndex = 0; path = NumberGuessUITests.xctest; sourceTree = BUILT_PRODUCTS_DIR; };
		7F255B0026FC882E00A13648 /* NumberGuessUITests.swift */ = {isa = PBXFileReference; lastKnownFileType = sourcecode.swift; path = NumberGuessUITests.swift; sourceTree = "<group>"; };
		7F255B0226FC882E00A13648 /* Info.plist */ = {isa = PBXFileReference; lastKnownFileType = text.plist.xml; path = Info.plist; sourceTree = "<group>"; };
		7FC0DE3E276B55010014A875 /* ThreadTableViewController.swift */ = {isa = PBXFileReference; lastKnownFileType = sourcecode.swift; path = ThreadTableViewController.swift; sourceTree = "<group>"; };
		7FC0DE40276B62530014A875 /* todoBodel.swift */ = {isa = PBXFileReference; lastKnownFileType = sourcecode.swift; path = todoBodel.swift; sourceTree = "<group>"; };
		CE14A0DE270F033900507D26 /* cat-face_1f431.png */ = {isa = PBXFileReference; lastKnownFileType = image.png; path = "cat-face_1f431.png"; sourceTree = SOURCE_ROOT; };
		CE14A0E3270F065B00507D26 /* kissing-cat_1f63d.png */ = {isa = PBXFileReference; lastKnownFileType = image.png; path = "kissing-cat_1f63d.png"; sourceTree = SOURCE_ROOT; };
		CE14A0E4270F065B00507D26 /* crying-cat_1f63f.png */ = {isa = PBXFileReference; lastKnownFileType = image.png; path = "crying-cat_1f63f.png"; sourceTree = SOURCE_ROOT; };
		CE14A0EA270F065F00507D26 /* weary-cat_1f640.png */ = {isa = PBXFileReference; lastKnownFileType = image.png; path = "weary-cat_1f640.png"; sourceTree = SOURCE_ROOT; };
		CEE852152758ECA200B45B66 /* MyTableViewController.swift */ = {isa = PBXFileReference; lastKnownFileType = sourcecode.swift; path = MyTableViewController.swift; sourceTree = "<group>"; };
/* End PBXFileReference section */

/* Begin PBXFrameworksBuildPhase section */
		7F255AD826FC882D00A13648 /* Frameworks */ = {
			isa = PBXFrameworksBuildPhase;
			buildActionMask = 2147483647;
			files = (
			);
			runOnlyForDeploymentPostprocessing = 0;
		};
		7F255AEE26FC882E00A13648 /* Frameworks */ = {
			isa = PBXFrameworksBuildPhase;
			buildActionMask = 2147483647;
			files = (
			);
			runOnlyForDeploymentPostprocessing = 0;
		};
		7F255AF926FC882E00A13648 /* Frameworks */ = {
			isa = PBXFrameworksBuildPhase;
			buildActionMask = 2147483647;
			files = (
			);
			runOnlyForDeploymentPostprocessing = 0;
		};
/* End PBXFrameworksBuildPhase section */

/* Begin PBXGroup section */
		7F255AD226FC882D00A13648 = {
			isa = PBXGroup;
			children = (
				7F255ADD26FC882D00A13648 /* NumberGuess */,
				7F255AF426FC882E00A13648 /* NumberGuessTests */,
				7F255AFF26FC882E00A13648 /* NumberGuessUITests */,
				7F255ADC26FC882D00A13648 /* Products */,
			);
			sourceTree = "<group>";
		};
		7F255ADC26FC882D00A13648 /* Products */ = {
			isa = PBXGroup;
			children = (
				7F255ADB26FC882D00A13648 /* NumberGuess.app */,
				7F255AF126FC882E00A13648 /* NumberGuessTests.xctest */,
				7F255AFC26FC882E00A13648 /* NumberGuessUITests.xctest */,
			);
			name = Products;
			sourceTree = "<group>";
		};
		7F255ADD26FC882D00A13648 /* NumberGuess */ = {
			isa = PBXGroup;
			children = (
				CE14A0E4270F065B00507D26 /* crying-cat_1f63f.png */,
				CE14A0E3270F065B00507D26 /* kissing-cat_1f63d.png */,
				CE14A0EA270F065F00507D26 /* weary-cat_1f640.png */,
				CE14A0DE270F033900507D26 /* cat-face_1f431.png */,
				7F1682CE272176DF00E4A464 /* NumberGuessModel.swift */,
				7F255ADE26FC882D00A13648 /* AppDelegate.swift */,
				7F255AE026FC882D00A13648 /* SceneDelegate.swift */,
				7F255AE226FC882D00A13648 /* ViewController.swift */,
				7F255AE426FC882D00A13648 /* Main.storyboard */,
				7F255AE726FC882E00A13648 /* Assets.xcassets */,
				7F255AE926FC882E00A13648 /* LaunchScreen.storyboard */,
				7F255AEC26FC882E00A13648 /* Info.plist */,
				CEE852152758ECA200B45B66 /* MyTableViewController.swift */,
				7FC0DE3E276B55010014A875 /* ThreadTableViewController.swift */,
				7FC0DE40276B62530014A875 /* todoBodel.swift */,
			);
			path = NumberGuess;
			sourceTree = "<group>";
		};
		7F255AF426FC882E00A13648 /* NumberGuessTests */ = {
			isa = PBXGroup;
			children = (
				7F255AF526FC882E00A13648 /* NumberGuessTests.swift */,
				7F255AF726FC882E00A13648 /* Info.plist */,
			);
			path = NumberGuessTests;
			sourceTree = "<group>";
		};
		7F255AFF26FC882E00A13648 /* NumberGuessUITests */ = {
			isa = PBXGroup;
			children = (
				7F255B0026FC882E00A13648 /* NumberGuessUITests.swift */,
				7F255B0226FC882E00A13648 /* Info.plist */,
			);
			path = NumberGuessUITests;
			sourceTree = "<group>";
		};
/* End PBXGroup section */

/* Begin PBXNativeTarget section */
		7F255ADA26FC882D00A13648 /* NumberGuess */ = {
			isa = PBXNativeTarget;
			buildConfigurationList = 7F255B0526FC882E00A13648 /* Build configuration list for PBXNativeTarget "NumberGuess" */;
			buildPhases = (
				7F255AD726FC882D00A13648 /* Sources */,
				7F255AD826FC882D00A13648 /* Frameworks */,
				7F255AD926FC882D00A13648 /* Resources */,
			);
			buildRules = (
			);
			dependencies = (
			);
			name = NumberGuess;
			productName = NumberGuess;
			productReference = 7F255ADB26FC882D00A13648 /* NumberGuess.app */;
			productType = "com.apple.product-type.application";
		};
		7F255AF026FC882E00A13648 /* NumberGuessTests */ = {
			isa = PBXNativeTarget;
			buildConfigurationList = 7F255B0826FC882E00A13648 /* Build configuration list for PBXNativeTarget "NumberGuessTests" */;
			buildPhases = (
				7F255AED26FC882E00A13648 /* Sources */,
				7F255AEE26FC882E00A13648 /* Frameworks */,
				7F255AEF26FC882E00A13648 /* Resources */,
			);
			buildRules = (
			);
			dependencies = (
				7F255AF326FC882E00A13648 /* PBXTargetDependency */,
			);
			name = NumberGuessTests;
			productName = NumberGuessTests;
			productReference = 7F255AF126FC882E00A13648 /* NumberGuessTests.xctest */;
			productType = "com.apple.product-type.bundle.unit-test";
		};
		7F255AFB26FC882E00A13648 /* NumberGuessUITests */ = {
			isa = PBXNativeTarget;
			buildConfigurationList = 7F255B0B26FC882E00A13648 /* Build configuration list for PBXNativeTarget "NumberGuessUITests" */;
			buildPhases = (
				7F255AF826FC882E00A13648 /* Sources */,
				7F255AF926FC882E00A13648 /* Frameworks */,
				7F255AFA26FC882E00A13648 /* Resources */,
			);
			buildRules = (
			);
			dependencies = (
				7F255AFE26FC882E00A13648 /* PBXTargetDependency */,
			);
			name = NumberGuessUITests;
			productName = NumberGuessUITests;
			productReference = 7F255AFC26FC882E00A13648 /* NumberGuessUITests.xctest */;
			productType = "com.apple.product-type.bundle.ui-testing";
		};
/* End PBXNativeTarget section */

/* Begin PBXProject section */
		7F255AD326FC882D00A13648 /* Project object */ = {
			isa = PBXProject;
			attributes = {
				LastSwiftUpdateCheck = 1240;
				LastUpgradeCheck = 1240;
				TargetAttributes = {
					7F255ADA26FC882D00A13648 = {
						CreatedOnToolsVersion = 12.4;
					};
					7F255AF026FC882E00A13648 = {
						CreatedOnToolsVersion = 12.4;
						TestTargetID = 7F255ADA26FC882D00A13648;
					};
					7F255AFB26FC882E00A13648 = {
						CreatedOnToolsVersion = 12.4;
						TestTargetID = 7F255ADA26FC882D00A13648;
					};
				};
			};
			buildConfigurationList = 7F255AD626FC882D00A13648 /* Build configuration list for PBXProject "NumberGuess" */;
			compatibilityVersion = "Xcode 9.3";
			developmentRegion = en;
			hasScannedForEncodings = 0;
			knownRegions = (
				en,
				Base,
			);
			mainGroup = 7F255AD226FC882D00A13648;
			productRefGroup = 7F255ADC26FC882D00A13648 /* Products */;
			projectDirPath = "";
			projectRoot = "";
			targets = (
				7F255ADA26FC882D00A13648 /* NumberGuess */,
				7F255AF026FC882E00A13648 /* NumberGuessTests */,
				7F255AFB26FC882E00A13648 /* NumberGuessUITests */,
			);
		};
/* End PBXProject section */

/* Begin PBXResourcesBuildPhase section */
		7F255AD926FC882D00A13648 /* Resources */ = {
			isa = PBXResourcesBuildPhase;
			buildActionMask = 2147483647;
			files = (
				7F255AEB26FC882E00A13648 /* LaunchScreen.storyboard in Resources */,
				CE14A0E5270F065B00507D26 /* kissing-cat_1f63d.png in Resources */,
				7F255AE826FC882E00A13648 /* Assets.xcassets in Resources */,
				7F255AE626FC882D00A13648 /* Main.storyboard in Resources */,
				CE14A0DF270F033900507D26 /* cat-face_1f431.png in Resources */,
				CE14A0EB270F065F00507D26 /* weary-cat_1f640.png in Resources */,
				CE14A0E6270F065B00507D26 /* crying-cat_1f63f.png in Resources */,
			);
			runOnlyForDeploymentPostprocessing = 0;
		};
		7F255AEF26FC882E00A13648 /* Resources */ = {
			isa = PBXResourcesBuildPhase;
			buildActionMask = 2147483647;
			files = (
			);
			runOnlyForDeploymentPostprocessing = 0;
		};
		7F255AFA26FC882E00A13648 /* Resources */ = {
			isa = PBXResourcesBuildPhase;
			buildActionMask = 2147483647;
			files = (
			);
			runOnlyForDeploymentPostprocessing = 0;
		};
/* End PBXResourcesBuildPhase section */

/* Begin PBXSourcesBuildPhase section */
		7F255AD726FC882D00A13648 /* Sources */ = {
			isa = PBXSourcesBuildPhase;
			buildActionMask = 2147483647;
			files = (
				7FC0DE41276B62530014A875 /* todoBodel.swift in Sources */,
				7F255AE326FC882D00A13648 /* ViewController.swift in Sources */,
				7F255ADF26FC882D00A13648 /* AppDelegate.swift in Sources */,
				7F1682CF272176DF00E4A464 /* NumberGuessModel.swift in Sources */,
				CEE852162758ECA200B45B66 /* MyTableViewController.swift in Sources */,
				7F255AE126FC882D00A13648 /* SceneDelegate.swift in Sources */,
				7FC0DE3F276B55010014A875 /* ThreadTableViewController.swift in Sources */,
			);
			runOnlyForDeploymentPostprocessing = 0;
		};
		7F255AED26FC882E00A13648 /* Sources */ = {
			isa = PBXSourcesBuildPhase;
			buildActionMask = 2147483647;
			files = (
				7F255AF626FC882E00A13648 /* NumberGuessTests.swift in Sources */,
			);
			runOnlyForDeploymentPostprocessing = 0;
		};
		7F255AF826FC882E00A13648 /* Sources */ = {
			isa = PBXSourcesBuildPhase;
			buildActionMask = 2147483647;
			files = (
				7F255B0126FC882E00A13648 /* NumberGuessUITests.swift in Sources */,
			);
			runOnlyForDeploymentPostprocessing = 0;
		};
/* End PBXSourcesBuildPhase section */

/* Begin PBXTargetDependency section */
		7F255AF326FC882E00A13648 /* PBXTargetDependency */ = {
			isa = PBXTargetDependency;
			target = 7F255ADA26FC882D00A13648 /* NumberGuess */;
			targetProxy = 7F255AF226FC882E00A13648 /* PBXContainerItemProxy */;
		};
		7F255AFE26FC882E00A13648 /* PBXTargetDependency */ = {
			isa = PBXTargetDependency;
			target = 7F255ADA26FC882D00A13648 /* NumberGuess */;
			targetProxy = 7F255AFD26FC882E00A13648 /* PBXContainerItemProxy */;
		};
/* End PBXTargetDependency section */

/* Begin PBXVariantGroup section */
		7F255AE426FC882D00A13648 /* Main.storyboard */ = {
			isa = PBXVariantGroup;
			children = (
				7F255AE526FC882D00A13648 /* Base */,
			);
			name = Main.storyboard;
			sourceTree = "<group>";
		};
		7F255AE926FC882E00A13648 /* LaunchScreen.storyboard */ = {
			isa = PBXVariantGroup;
			children = (
				7F255AEA26FC882E00A13648 /* Base */,
			);
			name = LaunchScreen.storyboard;
			sourceTree = "<group>";
		};
/* End PBXVariantGroup section */

/* Begin XCBuildConfiguration section */
		7F255B0326FC882E00A13648 /* Debug */ = {
			isa = XCBuildConfiguration;
			buildSettings = {
				ALWAYS_SEARCH_USER_PATHS = NO;
				CLANG_ANALYZER_NONNULL = YES;
				CLANG_ANALYZER_NUMBER_OBJECT_CONVERSION = YES_AGGRESSIVE;
				CLANG_CXX_LANGUAGE_STANDARD = "gnu++14";
				CLANG_CXX_LIBRARY = "libc++";
				CLANG_ENABLE_MODULES = YES;
				CLANG_ENABLE_OBJC_ARC = YES;
				CLANG_ENABLE_OBJC_WEAK = YES;
				CLANG_WARN_BLOCK_CAPTURE_AUTORELEASING = YES;
				CLANG_WARN_BOOL_CONVERSION = YES;
				CLANG_WARN_COMMA = YES;
				CLANG_WARN_CONSTANT_CONVERSION = YES;
				CLANG_WARN_DEPRECATED_OBJC_IMPLEMENTATIONS = YES;
				CLANG_WARN_DIRECT_OBJC_ISA_USAGE = YES_ERROR;
				CLANG_WARN_DOCUMENTATION_COMMENTS = YES;
				CLANG_WARN_EMPTY_BODY = YES;
				CLANG_WARN_ENUM_CONVERSION = YES;
				CLANG_WARN_INFINITE_RECURSION = YES;
				CLANG_WARN_INT_CONVERSION = YES;
				CLANG_WARN_NON_LITERAL_NULL_CONVERSION = YES;
				CLANG_WARN_OBJC_IMPLICIT_RETAIN_SELF = YES;
				CLANG_WARN_OBJC_LITERAL_CONVERSION = YES;
				CLANG_WARN_OBJC_ROOT_CLASS = YES_ERROR;
				CLANG_WARN_QUOTED_INCLUDE_IN_FRAMEWORK_HEADER = YES;
				CLANG_WARN_RANGE_LOOP_ANALYSIS = YES;
				CLANG_WARN_STRICT_PROTOTYPES = YES;
				CLANG_WARN_SUSPICIOUS_MOVE = YES;
				CLANG_WARN_UNGUARDED_AVAILABILITY = YES_AGGRESSIVE;
				CLANG_WARN_UNREACHABLE_CODE = YES;
				CLANG_WARN__DUPLICATE_METHOD_MATCH = YES;
				COPY_PHASE_STRIP = NO;
				DEBUG_INFORMATION_FORMAT = dwarf;
				ENABLE_STRICT_OBJC_MSGSEND = YES;
				ENABLE_TESTABILITY = YES;
				GCC_C_LANGUAGE_STANDARD = gnu11;
				GCC_DYNAMIC_NO_PIC = NO;
				GCC_NO_COMMON_BLOCKS = YES;
				GCC_OPTIMIZATION_LEVEL = 0;
				GCC_PREPROCESSOR_DEFINITIONS = (
					"DEBUG=1",
					"$(inherited)",
				);
				GCC_WARN_64_TO_32_BIT_CONVERSION = YES;
				GCC_WARN_ABOUT_RETURN_TYPE = YES_ERROR;
				GCC_WARN_UNDECLARED_SELECTOR = YES;
				GCC_WARN_UNINITIALIZED_AUTOS = YES_AGGRESSIVE;
				GCC_WARN_UNUSED_FUNCTION = YES;
				GCC_WARN_UNUSED_VARIABLE = YES;
				IPHONEOS_DEPLOYMENT_TARGET = 14.4;
				MTL_ENABLE_DEBUG_INFO = INCLUDE_SOURCE;
				MTL_FAST_MATH = YES;
				ONLY_ACTIVE_ARCH = YES;
				SDKROOT = iphoneos;
				SWIFT_ACTIVE_COMPILATION_CONDITIONS = DEBUG;
				SWIFT_OPTIMIZATION_LEVEL = "-Onone";
			};
			name = Debug;
		};
		7F255B0426FC882E00A13648 /* Release */ = {
			isa = XCBuildConfiguration;
			buildSettings = {
				ALWAYS_SEARCH_USER_PATHS = NO;
				CLANG_ANALYZER_NONNULL = YES;
				CLANG_ANALYZER_NUMBER_OBJECT_CONVERSION = YES_AGGRESSIVE;
				CLANG_CXX_LANGUAGE_STANDARD = "gnu++14";
				CLANG_CXX_LIBRARY = "libc++";
				CLANG_ENABLE_MODULES = YES;
				CLANG_ENABLE_OBJC_ARC = YES;
				CLANG_ENABLE_OBJC_WEAK = YES;
				CLANG_WARN_BLOCK_CAPTURE_AUTORELEASING = YES;
				CLANG_WARN_BOOL_CONVERSION = YES;
				CLANG_WARN_COMMA = YES;
				CLANG_WARN_CONSTANT_CONVERSION = YES;
				CLANG_WARN_DEPRECATED_OBJC_IMPLEMENTATIONS = YES;
				CLANG_WARN_DIRECT_OBJC_ISA_USAGE = YES_ERROR;
				CLANG_WARN_DOCUMENTATION_COMMENTS = YES;
				CLANG_WARN_EMPTY_BODY = YES;
				CLANG_WARN_ENUM_CONVERSION = YES;
				CLANG_WARN_INFINITE_RECURSION = YES;
				CLANG_WARN_INT_CONVERSION = YES;
				CLANG_WARN_NON_LITERAL_NULL_CONVERSION = YES;
				CLANG_WARN_OBJC_IMPLICIT_RETAIN_SELF = YES;
				CLANG_WARN_OBJC_LITERAL_CONVERSION = YES;
				CLANG_WARN_OBJC_ROOT_CLASS = YES_ERROR;
				CLANG_WARN_QUOTED_INCLUDE_IN_FRAMEWORK_HEADER = YES;
				CLANG_WARN_RANGE_LOOP_ANALYSIS = YES;
				CLANG_WARN_STRICT_PROTOTYPES = YES;
				CLANG_WARN_SUSPICIOUS_MOVE = YES;
				CLANG_WARN_UNGUARDED_AVAILABILITY = YES_AGGRESSIVE;
				CLANG_WARN_UNREACHABLE_CODE = YES;
				CLANG_WARN__DUPLICATE_METHOD_MATCH = YES;
				COPY_PHASE_STRIP = NO;
				DEBUG_INFORMATION_FORMAT = "dwarf-with-dsym";
				ENABLE_NS_ASSERTIONS = NO;
				ENABLE_STRICT_OBJC_MSGSEND = YES;
				GCC_C_LANGUAGE_STANDARD = gnu11;
				GCC_NO_COMMON_BLOCKS = YES;
				GCC_WARN_64_TO_32_BIT_CONVERSION = YES;
				GCC_WARN_ABOUT_RETURN_TYPE = YES_ERROR;
				GCC_WARN_UNDECLARED_SELECTOR = YES;
				GCC_WARN_UNINITIALIZED_AUTOS = YES_AGGRESSIVE;
				GCC_WARN_UNUSED_FUNCTION = YES;
				GCC_WARN_UNUSED_VARIABLE = YES;
				IPHONEOS_DEPLOYMENT_TARGET = 14.4;
				MTL_ENABLE_DEBUG_INFO = NO;
				MTL_FAST_MATH = YES;
				SDKROOT = iphoneos;
				SWIFT_COMPILATION_MODE = wholemodule;
				SWIFT_OPTIMIZATION_LEVEL = "-O";
				VALIDATE_PRODUCT = YES;
			};
			name = Release;
		};
		7F255B0626FC882E00A13648 /* Debug */ = {
			isa = XCBuildConfiguration;
			buildSettings = {
				ASSETCATALOG_COMPILER_APPICON_NAME = AppIcon;
				ASSETCATALOG_COMPILER_GLOBAL_ACCENT_COLOR_NAME = AccentColor;
				CODE_SIGN_STYLE = Automatic;
				INFOPLIST_FILE = NumberGuess/Info.plist;
				LD_RUNPATH_SEARCH_PATHS = (
					"$(inherited)",
					"@executable_path/Frameworks",
				);
				PRODUCT_BUNDLE_IDENTIFIER = at.ac.htlperg.NumberGuess;
				PRODUCT_NAME = "$(TARGET_NAME)";
				SWIFT_VERSION = 5.0;
				TARGETED_DEVICE_FAMILY = "1,2";
			};
			name = Debug;
		};
		7F255B0726FC882E00A13648 /* Release */ = {
			isa = XCBuildConfiguration;
			buildSettings = {
				ASSETCATALOG_COMPILER_APPICON_NAME = AppIcon;
				ASSETCATALOG_COMPILER_GLOBAL_ACCENT_COLOR_NAME = AccentColor;
				CODE_SIGN_STYLE = Automatic;
				INFOPLIST_FILE = NumberGuess/Info.plist;
				LD_RUNPATH_SEARCH_PATHS = (
					"$(inherited)",
					"@executable_path/Frameworks",
				);
				PRODUCT_BUNDLE_IDENTIFIER = at.ac.htlperg.NumberGuess;
				PRODUCT_NAME = "$(TARGET_NAME)";
				SWIFT_VERSION = 5.0;
				TARGETED_DEVICE_FAMILY = "1,2";
			};
			name = Release;
		};
		7F255B0926FC882E00A13648 /* Debug */ = {
			isa = XCBuildConfiguration;
			buildSettings = {
				ALWAYS_EMBED_SWIFT_STANDARD_LIBRARIES = YES;
				BUNDLE_LOADER = "$(TEST_HOST)";
				CODE_SIGN_STYLE = Automatic;
				INFOPLIST_FILE = NumberGuessTests/Info.plist;
				IPHONEOS_DEPLOYMENT_TARGET = 14.4;
				LD_RUNPATH_SEARCH_PATHS = (
					"$(inherited)",
					"@executable_path/Frameworks",
					"@loader_path/Frameworks",
				);
				PRODUCT_BUNDLE_IDENTIFIER = at.ac.htlperg.NumberGuessTests;
				PRODUCT_NAME = "$(TARGET_NAME)";
				SWIFT_VERSION = 5.0;
				TARGETED_DEVICE_FAMILY = "1,2";
				TEST_HOST = "$(BUILT_PRODUCTS_DIR)/NumberGuess.app/NumberGuess";
			};
			name = Debug;
		};
		7F255B0A26FC882E00A13648 /* Release */ = {
			isa = XCBuildConfiguration;
			buildSettings = {
				ALWAYS_EMBED_SWIFT_STANDARD_LIBRARIES = YES;
				BUNDLE_LOADER = "$(TEST_HOST)";
				CODE_SIGN_STYLE = Automatic;
				INFOPLIST_FILE = NumberGuessTests/Info.plist;
				IPHONEOS_DEPLOYMENT_TARGET = 14.4;
				LD_RUNPATH_SEARCH_PATHS = (
					"$(inherited)",
					"@executable_path/Frameworks",
					"@loader_path/Frameworks",
				);
				PRODUCT_BUNDLE_IDENTIFIER = at.ac.htlperg.NumberGuessTests;
				PRODUCT_NAME = "$(TARGET_NAME)";
				SWIFT_VERSION = 5.0;
				TARGETED_DEVICE_FAMILY = "1,2";
				TEST_HOST = "$(BUILT_PRODUCTS_DIR)/NumberGuess.app/NumberGuess";
			};
			name = Release;
		};
		7F255B0C26FC882E00A13648 /* Debug */ = {
			isa = XCBuildConfiguration;
			buildSettings = {
				ALWAYS_EMBED_SWIFT_STANDARD_LIBRARIES = YES;
				CODE_SIGN_STYLE = Automatic;
				INFOPLIST_FILE = NumberGuessUITests/Info.plist;
				LD_RUNPATH_SEARCH_PATHS = (
					"$(inherited)",
					"@executable_path/Frameworks",
					"@loader_path/Frameworks",
				);
				PRODUCT_BUNDLE_IDENTIFIER = at.ac.htlperg.NumberGuessUITests;
				PRODUCT_NAME = "$(TARGET_NAME)";
				SWIFT_VERSION = 5.0;
				TARGETED_DEVICE_FAMILY = "1,2";
				TEST_TARGET_NAME = NumberGuess;
			};
			name = Debug;
		};
		7F255B0D26FC882E00A13648 /* Release */ = {
			isa = XCBuildConfiguration;
			buildSettings = {
				ALWAYS_EMBED_SWIFT_STANDARD_LIBRARIES = YES;
				CODE_SIGN_STYLE = Automatic;
				INFOPLIST_FILE = NumberGuessUITests/Info.plist;
				LD_RUNPATH_SEARCH_PATHS = (
					"$(inherited)",
					"@executable_path/Frameworks",
					"@loader_path/Frameworks",
				);
				PRODUCT_BUNDLE_IDENTIFIER = at.ac.htlperg.NumberGuessUITests;
				PRODUCT_NAME = "$(TARGET_NAME)";
				SWIFT_VERSION = 5.0;
				TARGETED_DEVICE_FAMILY = "1,2";
				TEST_TARGET_NAME = NumberGuess;
			};
			name = Release;
		};
/* End XCBuildConfiguration section */

/* Begin XCConfigurationList section */
		7F255AD626FC882D00A13648 /* Build configuration list for PBXProject "NumberGuess" */ = {
			isa = XCConfigurationList;
			buildConfigurations = (
				7F255B0326FC882E00A13648 /* Debug */,
				7F255B0426FC882E00A13648 /* Release */,
			);
			defaultConfigurationIsVisible = 0;
			defaultConfigurationName = Release;
		};
		7F255B0526FC882E00A13648 /* Build configuration list for PBXNativeTarget "NumberGuess" */ = {
			isa = XCConfigurationList;
			buildConfigurations = (
				7F255B0626FC882E00A13648 /* Debug */,
				7F255B0726FC882E00A13648 /* Release */,
			);
			defaultConfigurationIsVisible = 0;
			defaultConfigurationName = Release;
		};
		7F255B0826FC882E00A13648 /* Build configuration list for PBXNativeTarget "NumberGuessTests" */ = {
			isa = XCConfigurationList;
			buildConfigurations = (
				7F255B0926FC882E00A13648 /* Debug */,
				7F255B0A26FC882E00A13648 /* Release */,
			);
			defaultConfigurationIsVisible = 0;
			defaultConfigurationName = Release;
		};
		7F255B0B26FC882E00A13648 /* Build configuration list for PBXNativeTarget "NumberGuessUITests" */ = {
			isa = XCConfigurationList;
			buildConfigurations = (
				7F255B0C26FC882E00A13648 /* Debug */,
				7F255B0D26FC882E00A13648 /* Release */,
			);
			defaultConfigurationIsVisible = 0;
			defaultConfigurationName = Release;
		};
/* End XCConfigurationList section */
	};
	rootObject = 7F255AD326FC882D00A13648 /* Project object */;
}
